// !$*UTF8*$!
{
	archiveVersion = 1;
	classes = {
	};
	objectVersion = 50;
	objects = {

/* Begin PBXBuildFile section */
		E211F49225372B080023BEF0 /* Reglisse.otf in Resources */ = {isa = PBXBuildFile; fileRef = E211F49125372B080023BEF0 /* Reglisse.otf */; };
		E230AD00253F470D00F514B3 /* Currency.swift in Sources */ = {isa = PBXBuildFile; fileRef = E230ACFF253F470D00F514B3 /* Currency.swift */; };
		E24D834E253DECE30050B940 /* LanguageViewController.swift in Sources */ = {isa = PBXBuildFile; fileRef = E24D834D253DECE30050B940 /* LanguageViewController.swift */; };
		E25113692535CE0300C8A042 /* TranslateViewController.swift in Sources */ = {isa = PBXBuildFile; fileRef = E25113682535CE0300C8A042 /* TranslateViewController.swift */; };
		E251136E2535D79700C8A042 /* CityViewController.swift in Sources */ = {isa = PBXBuildFile; fileRef = E251136D2535D79700C8A042 /* CityViewController.swift */; };
		E29883B42534B02A005A52D8 /* Dash-Horizon-Demo.otf in Resources */ = {isa = PBXBuildFile; fileRef = E29883B32534B02A005A52D8 /* Dash-Horizon-Demo.otf */; };
		E29883B92534B90E005A52D8 /* BaluchonNavigationController.swift in Sources */ = {isa = PBXBuildFile; fileRef = E29883B82534B90E005A52D8 /* BaluchonNavigationController.swift */; };
		E29883BE2534BDF9005A52D8 /* BaluchonTabBarController.swift in Sources */ = {isa = PBXBuildFile; fileRef = E29883BD2534BDF9005A52D8 /* BaluchonTabBarController.swift */; };
		E29883C32534C02D005A52D8 /* WeatherViewController.swift in Sources */ = {isa = PBXBuildFile; fileRef = E29883C22534C02D005A52D8 /* WeatherViewController.swift */; };
		E29883CB2534C398005A52D8 /* BaseViewController.swift in Sources */ = {isa = PBXBuildFile; fileRef = E29883CA2534C398005A52D8 /* BaseViewController.swift */; };
		E2CC3D13252B42CD00026CED /* AppDelegate.swift in Sources */ = {isa = PBXBuildFile; fileRef = E2CC3D12252B42CD00026CED /* AppDelegate.swift */; };
		E2CC3D15252B42CD00026CED /* SceneDelegate.swift in Sources */ = {isa = PBXBuildFile; fileRef = E2CC3D14252B42CD00026CED /* SceneDelegate.swift */; };
		E2CC3D17252B42CD00026CED /* CurrencyViewController.swift in Sources */ = {isa = PBXBuildFile; fileRef = E2CC3D16252B42CD00026CED /* CurrencyViewController.swift */; };
		E2CC3D1A252B42CD00026CED /* Main.storyboard in Resources */ = {isa = PBXBuildFile; fileRef = E2CC3D18252B42CD00026CED /* Main.storyboard */; };
		E2CC3D1C252B42D000026CED /* Assets.xcassets in Resources */ = {isa = PBXBuildFile; fileRef = E2CC3D1B252B42D000026CED /* Assets.xcassets */; };
		E2CC3D1F252B42D000026CED /* LaunchScreen.storyboard in Resources */ = {isa = PBXBuildFile; fileRef = E2CC3D1D252B42D000026CED /* LaunchScreen.storyboard */; };
		E2CC3D2A252B42D000026CED /* Le_BaluchonTests.swift in Sources */ = {isa = PBXBuildFile; fileRef = E2CC3D29252B42D000026CED /* Le_BaluchonTests.swift */; };
		E2CC3D35252B42D000026CED /* Le_BaluchonUITests.swift in Sources */ = {isa = PBXBuildFile; fileRef = E2CC3D34252B42D000026CED /* Le_BaluchonUITests.swift */; };
		E2CC3D46252B43B700026CED /* NetworkManager.swift in Sources */ = {isa = PBXBuildFile; fileRef = E2CC3D45252B43B700026CED /* NetworkManager.swift */; };
		E2D8D54C2537027000B50A92 /* buttonProperties.swift in Sources */ = {isa = PBXBuildFile; fileRef = E2D8D54B2537027000B50A92 /* buttonProperties.swift */; };
/* End PBXBuildFile section */

/* Begin PBXContainerItemProxy section */
		E2CC3D26252B42D000026CED /* PBXContainerItemProxy */ = {
			isa = PBXContainerItemProxy;
			containerPortal = E2CC3D07252B42CD00026CED /* Project object */;
			proxyType = 1;
			remoteGlobalIDString = E2CC3D0E252B42CD00026CED;
			remoteInfo = "Le Baluchon";
		};
		E2CC3D31252B42D000026CED /* PBXContainerItemProxy */ = {
			isa = PBXContainerItemProxy;
			containerPortal = E2CC3D07252B42CD00026CED /* Project object */;
			proxyType = 1;
			remoteGlobalIDString = E2CC3D0E252B42CD00026CED;
			remoteInfo = "Le Baluchon";
		};
/* End PBXContainerItemProxy section */

/* Begin PBXFileReference section */
		E211F49125372B080023BEF0 /* Reglisse.otf */ = {isa = PBXFileReference; lastKnownFileType = file; path = Reglisse.otf; sourceTree = "<group>"; };
		E230ACFF253F470D00F514B3 /* Currency.swift */ = {isa = PBXFileReference; lastKnownFileType = sourcecode.swift; path = Currency.swift; sourceTree = "<group>"; };
		E24D834D253DECE30050B940 /* LanguageViewController.swift */ = {isa = PBXFileReference; lastKnownFileType = sourcecode.swift; name = LanguageViewController.swift; path = "Le Baluchon/View/LanguageViewController.swift"; sourceTree = SOURCE_ROOT; };
		E25113682535CE0300C8A042 /* TranslateViewController.swift */ = {isa = PBXFileReference; lastKnownFileType = sourcecode.swift; name = TranslateViewController.swift; path = "Le Baluchon/View/TranslateViewController.swift"; sourceTree = SOURCE_ROOT; };
		E251136D2535D79700C8A042 /* CityViewController.swift */ = {isa = PBXFileReference; lastKnownFileType = sourcecode.swift; name = CityViewController.swift; path = "Le Baluchon/View/CityViewController.swift"; sourceTree = SOURCE_ROOT; };
		E29883B32534B02A005A52D8 /* Dash-Horizon-Demo.otf */ = {isa = PBXFileReference; lastKnownFileType = file; path = "Dash-Horizon-Demo.otf"; sourceTree = "<group>"; };
		E29883B82534B90E005A52D8 /* BaluchonNavigationController.swift */ = {isa = PBXFileReference; lastKnownFileType = sourcecode.swift; path = BaluchonNavigationController.swift; sourceTree = "<group>"; };
		E29883BD2534BDF9005A52D8 /* BaluchonTabBarController.swift */ = {isa = PBXFileReference; lastKnownFileType = sourcecode.swift; path = BaluchonTabBarController.swift; sourceTree = "<group>"; };
		E29883C22534C02D005A52D8 /* WeatherViewController.swift */ = {isa = PBXFileReference; lastKnownFileType = sourcecode.swift; path = WeatherViewController.swift; sourceTree = "<group>"; };
		E29883CA2534C398005A52D8 /* BaseViewController.swift */ = {isa = PBXFileReference; lastKnownFileType = sourcecode.swift; path = BaseViewController.swift; sourceTree = "<group>"; };
		E2CC3D0F252B42CD00026CED /* Le Baluchon.app */ = {isa = PBXFileReference; explicitFileType = wrapper.application; includeInIndex = 0; path = "Le Baluchon.app"; sourceTree = BUILT_PRODUCTS_DIR; };
		E2CC3D12252B42CD00026CED /* AppDelegate.swift */ = {isa = PBXFileReference; lastKnownFileType = sourcecode.swift; path = AppDelegate.swift; sourceTree = "<group>"; };
		E2CC3D14252B42CD00026CED /* SceneDelegate.swift */ = {isa = PBXFileReference; lastKnownFileType = sourcecode.swift; path = SceneDelegate.swift; sourceTree = "<group>"; };
		E2CC3D16252B42CD00026CED /* CurrencyViewController.swift */ = {isa = PBXFileReference; lastKnownFileType = sourcecode.swift; path = CurrencyViewController.swift; sourceTree = "<group>"; };
		E2CC3D19252B42CD00026CED /* Base */ = {isa = PBXFileReference; lastKnownFileType = file.storyboard; name = Base; path = Base.lproj/Main.storyboard; sourceTree = "<group>"; };
		E2CC3D1B252B42D000026CED /* Assets.xcassets */ = {isa = PBXFileReference; lastKnownFileType = folder.assetcatalog; path = Assets.xcassets; sourceTree = "<group>"; };
		E2CC3D1E252B42D000026CED /* Base */ = {isa = PBXFileReference; lastKnownFileType = file.storyboard; name = Base; path = Base.lproj/LaunchScreen.storyboard; sourceTree = "<group>"; };
		E2CC3D20252B42D000026CED /* Info.plist */ = {isa = PBXFileReference; lastKnownFileType = text.plist.xml; path = Info.plist; sourceTree = "<group>"; };
		E2CC3D25252B42D000026CED /* Le BaluchonTests.xctest */ = {isa = PBXFileReference; explicitFileType = wrapper.cfbundle; includeInIndex = 0; path = "Le BaluchonTests.xctest"; sourceTree = BUILT_PRODUCTS_DIR; };
		E2CC3D29252B42D000026CED /* Le_BaluchonTests.swift */ = {isa = PBXFileReference; lastKnownFileType = sourcecode.swift; path = Le_BaluchonTests.swift; sourceTree = "<group>"; };
		E2CC3D2B252B42D000026CED /* Info.plist */ = {isa = PBXFileReference; lastKnownFileType = text.plist.xml; path = Info.plist; sourceTree = "<group>"; };
		E2CC3D30252B42D000026CED /* Le BaluchonUITests.xctest */ = {isa = PBXFileReference; explicitFileType = wrapper.cfbundle; includeInIndex = 0; path = "Le BaluchonUITests.xctest"; sourceTree = BUILT_PRODUCTS_DIR; };
		E2CC3D34252B42D000026CED /* Le_BaluchonUITests.swift */ = {isa = PBXFileReference; lastKnownFileType = sourcecode.swift; path = Le_BaluchonUITests.swift; sourceTree = "<group>"; };
		E2CC3D36252B42D000026CED /* Info.plist */ = {isa = PBXFileReference; lastKnownFileType = text.plist.xml; path = Info.plist; sourceTree = "<group>"; };
		E2CC3D45252B43B700026CED /* NetworkManager.swift */ = {isa = PBXFileReference; lastKnownFileType = sourcecode.swift; path = NetworkManager.swift; sourceTree = "<group>"; };
		E2D8D54B2537027000B50A92 /* buttonProperties.swift */ = {isa = PBXFileReference; lastKnownFileType = sourcecode.swift; name = buttonProperties.swift; path = "Le Baluchon/View/buttonProperties.swift"; sourceTree = SOURCE_ROOT; };
/* End PBXFileReference section */

/* Begin PBXFrameworksBuildPhase section */
		E2CC3D0C252B42CD00026CED /* Frameworks */ = {
			isa = PBXFrameworksBuildPhase;
			buildActionMask = 2147483647;
			files = (
			);
			runOnlyForDeploymentPostprocessing = 0;
		};
		E2CC3D22252B42D000026CED /* Frameworks */ = {
			isa = PBXFrameworksBuildPhase;
			buildActionMask = 2147483647;
			files = (
			);
			runOnlyForDeploymentPostprocessing = 0;
		};
		E2CC3D2D252B42D000026CED /* Frameworks */ = {
			isa = PBXFrameworksBuildPhase;
			buildActionMask = 2147483647;
			files = (
			);
			runOnlyForDeploymentPostprocessing = 0;
		};
/* End PBXFrameworksBuildPhase section */

/* Begin PBXGroup section */
		E20731A72534AB4700CEE4DB /* Model */ = {
			isa = PBXGroup;
			children = (
				E2D8D54B2537027000B50A92 /* buttonProperties.swift */,
				E2CC3D45252B43B700026CED /* NetworkManager.swift */,
				E230ACFF253F470D00F514B3 /* Currency.swift */,
			);
			path = Model;
			sourceTree = "<group>";
		};
		E20731A82534AB5300CEE4DB /* View */ = {
			isa = PBXGroup;
			children = (
				E2CC3D18252B42CD00026CED /* Main.storyboard */,
				E2CC3D1D252B42D000026CED /* LaunchScreen.storyboard */,
			);
			path = View;
			sourceTree = "<group>";
		};
		E20731A92534AB6900CEE4DB /* Controller */ = {
			isa = PBXGroup;
			children = (
				E24D834D253DECE30050B940 /* LanguageViewController.swift */,
				E251136D2535D79700C8A042 /* CityViewController.swift */,
				E25113682535CE0300C8A042 /* TranslateViewController.swift */,
				E29883C22534C02D005A52D8 /* WeatherViewController.swift */,
				E2CC3D16252B42CD00026CED /* CurrencyViewController.swift */,
				E29883BD2534BDF9005A52D8 /* BaluchonTabBarController.swift */,
				E29883B82534B90E005A52D8 /* BaluchonNavigationController.swift */,
				E29883CA2534C398005A52D8 /* BaseViewController.swift */,
			);
			path = Controller;
			sourceTree = "<group>";
		};
		E2CC3D06252B42CD00026CED = {
			isa = PBXGroup;
			children = (
				E2CC3D11252B42CD00026CED /* Le Baluchon */,
				E2CC3D28252B42D000026CED /* Le BaluchonTests */,
				E2CC3D33252B42D000026CED /* Le BaluchonUITests */,
				E2CC3D10252B42CD00026CED /* Products */,
			);
			sourceTree = "<group>";
		};
		E2CC3D10252B42CD00026CED /* Products */ = {
			isa = PBXGroup;
			children = (
				E2CC3D0F252B42CD00026CED /* Le Baluchon.app */,
				E2CC3D25252B42D000026CED /* Le BaluchonTests.xctest */,
				E2CC3D30252B42D000026CED /* Le BaluchonUITests.xctest */,
			);
			name = Products;
			sourceTree = "<group>";
		};
		E2CC3D11252B42CD00026CED /* Le Baluchon */ = {
			isa = PBXGroup;
			children = (
				E2CC3D12252B42CD00026CED /* AppDelegate.swift */,
				E2CC3D14252B42CD00026CED /* SceneDelegate.swift */,
				E2CC3D1B252B42D000026CED /* Assets.xcassets */,
				E2CC3D20252B42D000026CED /* Info.plist */,
				E29883B32534B02A005A52D8 /* Dash-Horizon-Demo.otf */,
				E211F49125372B080023BEF0 /* Reglisse.otf */,
				E20731A92534AB6900CEE4DB /* Controller */,
				E20731A82534AB5300CEE4DB /* View */,
				E20731A72534AB4700CEE4DB /* Model */,
			);
			path = "Le Baluchon";
			sourceTree = "<group>";
		};
		E2CC3D28252B42D000026CED /* Le BaluchonTests */ = {
			isa = PBXGroup;
			children = (
				E2CC3D29252B42D000026CED /* Le_BaluchonTests.swift */,
				E2CC3D2B252B42D000026CED /* Info.plist */,
			);
			path = "Le BaluchonTests";
			sourceTree = "<group>";
		};
		E2CC3D33252B42D000026CED /* Le BaluchonUITests */ = {
			isa = PBXGroup;
			children = (
				E2CC3D34252B42D000026CED /* Le_BaluchonUITests.swift */,
				E2CC3D36252B42D000026CED /* Info.plist */,
			);
			path = "Le BaluchonUITests";
			sourceTree = "<group>";
		};
/* End PBXGroup section */

/* Begin PBXNativeTarget section */
		E2CC3D0E252B42CD00026CED /* Le Baluchon */ = {
			isa = PBXNativeTarget;
			buildConfigurationList = E2CC3D39252B42D000026CED /* Build configuration list for PBXNativeTarget "Le Baluchon" */;
			buildPhases = (
				E2CC3D0B252B42CD00026CED /* Sources */,
				E2CC3D0C252B42CD00026CED /* Frameworks */,
				E2CC3D0D252B42CD00026CED /* Resources */,
			);
			buildRules = (
			);
			dependencies = (
			);
			name = "Le Baluchon";
			productName = "Le Baluchon";
			productReference = E2CC3D0F252B42CD00026CED /* Le Baluchon.app */;
			productType = "com.apple.product-type.application";
		};
		E2CC3D24252B42D000026CED /* Le BaluchonTests */ = {
			isa = PBXNativeTarget;
			buildConfigurationList = E2CC3D3C252B42D000026CED /* Build configuration list for PBXNativeTarget "Le BaluchonTests" */;
			buildPhases = (
				E2CC3D21252B42D000026CED /* Sources */,
				E2CC3D22252B42D000026CED /* Frameworks */,
				E2CC3D23252B42D000026CED /* Resources */,
			);
			buildRules = (
			);
			dependencies = (
				E2CC3D27252B42D000026CED /* PBXTargetDependency */,
			);
			name = "Le BaluchonTests";
			productName = "Le BaluchonTests";
			productReference = E2CC3D25252B42D000026CED /* Le BaluchonTests.xctest */;
			productType = "com.apple.product-type.bundle.unit-test";
		};
		E2CC3D2F252B42D000026CED /* Le BaluchonUITests */ = {
			isa = PBXNativeTarget;
			buildConfigurationList = E2CC3D3F252B42D000026CED /* Build configuration list for PBXNativeTarget "Le BaluchonUITests" */;
			buildPhases = (
				E2CC3D2C252B42D000026CED /* Sources */,
				E2CC3D2D252B42D000026CED /* Frameworks */,
				E2CC3D2E252B42D000026CED /* Resources */,
			);
			buildRules = (
			);
			dependencies = (
				E2CC3D32252B42D000026CED /* PBXTargetDependency */,
			);
			name = "Le BaluchonUITests";
			productName = "Le BaluchonUITests";
			productReference = E2CC3D30252B42D000026CED /* Le BaluchonUITests.xctest */;
			productType = "com.apple.product-type.bundle.ui-testing";
		};
/* End PBXNativeTarget section */

/* Begin PBXProject section */
		E2CC3D07252B42CD00026CED /* Project object */ = {
			isa = PBXProject;
			attributes = {
				LastSwiftUpdateCheck = 1200;
				LastUpgradeCheck = 1200;
				TargetAttributes = {
					E2CC3D0E252B42CD00026CED = {
						CreatedOnToolsVersion = 12.0.1;
					};
					E2CC3D24252B42D000026CED = {
						CreatedOnToolsVersion = 12.0.1;
						TestTargetID = E2CC3D0E252B42CD00026CED;
					};
					E2CC3D2F252B42D000026CED = {
						CreatedOnToolsVersion = 12.0.1;
						TestTargetID = E2CC3D0E252B42CD00026CED;
					};
				};
			};
			buildConfigurationList = E2CC3D0A252B42CD00026CED /* Build configuration list for PBXProject "Le Baluchon" */;
			compatibilityVersion = "Xcode 9.3";
			developmentRegion = en;
			hasScannedForEncodings = 0;
			knownRegions = (
				en,
				Base,
			);
			mainGroup = E2CC3D06252B42CD00026CED;
			productRefGroup = E2CC3D10252B42CD00026CED /* Products */;
			projectDirPath = "";
			projectRoot = "";
			targets = (
				E2CC3D0E252B42CD00026CED /* Le Baluchon */,
				E2CC3D24252B42D000026CED /* Le BaluchonTests */,
				E2CC3D2F252B42D000026CED /* Le BaluchonUITests */,
			);
		};
/* End PBXProject section */

/* Begin PBXResourcesBuildPhase section */
		E2CC3D0D252B42CD00026CED /* Resources */ = {
			isa = PBXResourcesBuildPhase;
			buildActionMask = 2147483647;
			files = (
				E211F49225372B080023BEF0 /* Reglisse.otf in Resources */,
				E29883B42534B02A005A52D8 /* Dash-Horizon-Demo.otf in Resources */,
				E2CC3D1F252B42D000026CED /* LaunchScreen.storyboard in Resources */,
				E2CC3D1C252B42D000026CED /* Assets.xcassets in Resources */,
				E2CC3D1A252B42CD00026CED /* Main.storyboard in Resources */,
			);
			runOnlyForDeploymentPostprocessing = 0;
		};
		E2CC3D23252B42D000026CED /* Resources */ = {
			isa = PBXResourcesBuildPhase;
			buildActionMask = 2147483647;
			files = (
			);
			runOnlyForDeploymentPostprocessing = 0;
		};
		E2CC3D2E252B42D000026CED /* Resources */ = {
			isa = PBXResourcesBuildPhase;
			buildActionMask = 2147483647;
			files = (
			);
			runOnlyForDeploymentPostprocessing = 0;
		};
/* End PBXResourcesBuildPhase section */

/* Begin PBXSourcesBuildPhase section */
		E2CC3D0B252B42CD00026CED /* Sources */ = {
			isa = PBXSourcesBuildPhase;
			buildActionMask = 2147483647;
			files = (
				E2D8D54C2537027000B50A92 /* buttonProperties.swift in Sources */,
				E251136E2535D79700C8A042 /* CityViewController.swift in Sources */,
				E24D834E253DECE30050B940 /* LanguageViewController.swift in Sources */,
				E2CC3D46252B43B700026CED /* NetworkManager.swift in Sources */,
				E29883BE2534BDF9005A52D8 /* BaluchonTabBarController.swift in Sources */,
				E2CC3D17252B42CD00026CED /* CurrencyViewController.swift in Sources */,
				E2CC3D13252B42CD00026CED /* AppDelegate.swift in Sources */,
				E29883C32534C02D005A52D8 /* WeatherViewController.swift in Sources */,
				E230AD00253F470D00F514B3 /* Currency.swift in Sources */,
				E25113692535CE0300C8A042 /* TranslateViewController.swift in Sources */,
				E29883CB2534C398005A52D8 /* BaseViewController.swift in Sources */,
				E29883B92534B90E005A52D8 /* BaluchonNavigationController.swift in Sources */,
				E2CC3D15252B42CD00026CED /* SceneDelegate.swift in Sources */,
			);
			runOnlyForDeploymentPostprocessing = 0;
		};
		E2CC3D21252B42D000026CED /* Sources */ = {
			isa = PBXSourcesBuildPhase;
			buildActionMask = 2147483647;
			files = (
				E2CC3D2A252B42D000026CED /* Le_BaluchonTests.swift in Sources */,
			);
			runOnlyForDeploymentPostprocessing = 0;
		};
		E2CC3D2C252B42D000026CED /* Sources */ = {
			isa = PBXSourcesBuildPhase;
			buildActionMask = 2147483647;
			files = (
				E2CC3D35252B42D000026CED /* Le_BaluchonUITests.swift in Sources */,
			);
			runOnlyForDeploymentPostprocessing = 0;
		};
/* End PBXSourcesBuildPhase section */

/* Begin PBXTargetDependency section */
		E2CC3D27252B42D000026CED /* PBXTargetDependency */ = {
			isa = PBXTargetDependency;
			target = E2CC3D0E252B42CD00026CED /* Le Baluchon */;
			targetProxy = E2CC3D26252B42D000026CED /* PBXContainerItemProxy */;
		};
		E2CC3D32252B42D000026CED /* PBXTargetDependency */ = {
			isa = PBXTargetDependency;
			target = E2CC3D0E252B42CD00026CED /* Le Baluchon */;
			targetProxy = E2CC3D31252B42D000026CED /* PBXContainerItemProxy */;
		};
/* End PBXTargetDependency section */

/* Begin PBXVariantGroup section */
		E2CC3D18252B42CD00026CED /* Main.storyboard */ = {
			isa = PBXVariantGroup;
			children = (
				E2CC3D19252B42CD00026CED /* Base */,
			);
			name = Main.storyboard;
			sourceTree = "<group>";
		};
		E2CC3D1D252B42D000026CED /* LaunchScreen.storyboard */ = {
			isa = PBXVariantGroup;
			children = (
				E2CC3D1E252B42D000026CED /* Base */,
			);
			name = LaunchScreen.storyboard;
			sourceTree = "<group>";
		};
/* End PBXVariantGroup section */

/* Begin XCBuildConfiguration section */
		E2CC3D37252B42D000026CED /* Debug */ = {
			isa = XCBuildConfiguration;
			buildSettings = {
				ALWAYS_SEARCH_USER_PATHS = NO;
				CLANG_ANALYZER_NONNULL = YES;
				CLANG_ANALYZER_NUMBER_OBJECT_CONVERSION = YES_AGGRESSIVE;
				CLANG_CXX_LANGUAGE_STANDARD = "gnu++14";
				CLANG_CXX_LIBRARY = "libc++";
				CLANG_ENABLE_MODULES = YES;
				CLANG_ENABLE_OBJC_ARC = YES;
				CLANG_ENABLE_OBJC_WEAK = YES;
				CLANG_WARN_BLOCK_CAPTURE_AUTORELEASING = YES;
				CLANG_WARN_BOOL_CONVERSION = YES;
				CLANG_WARN_COMMA = YES;
				CLANG_WARN_CONSTANT_CONVERSION = YES;
				CLANG_WARN_DEPRECATED_OBJC_IMPLEMENTATIONS = YES;
				CLANG_WARN_DIRECT_OBJC_ISA_USAGE = YES_ERROR;
				CLANG_WARN_DOCUMENTATION_COMMENTS = YES;
				CLANG_WARN_EMPTY_BODY = YES;
				CLANG_WARN_ENUM_CONVERSION = YES;
				CLANG_WARN_INFINITE_RECURSION = YES;
				CLANG_WARN_INT_CONVERSION = YES;
				CLANG_WARN_NON_LITERAL_NULL_CONVERSION = YES;
				CLANG_WARN_OBJC_IMPLICIT_RETAIN_SELF = YES;
				CLANG_WARN_OBJC_LITERAL_CONVERSION = YES;
				CLANG_WARN_OBJC_ROOT_CLASS = YES_ERROR;
				CLANG_WARN_QUOTED_INCLUDE_IN_FRAMEWORK_HEADER = YES;
				CLANG_WARN_RANGE_LOOP_ANALYSIS = YES;
				CLANG_WARN_STRICT_PROTOTYPES = YES;
				CLANG_WARN_SUSPICIOUS_MOVE = YES;
				CLANG_WARN_UNGUARDED_AVAILABILITY = YES_AGGRESSIVE;
				CLANG_WARN_UNREACHABLE_CODE = YES;
				CLANG_WARN__DUPLICATE_METHOD_MATCH = YES;
				COPY_PHASE_STRIP = NO;
				DEBUG_INFORMATION_FORMAT = dwarf;
				ENABLE_STRICT_OBJC_MSGSEND = YES;
				ENABLE_TESTABILITY = YES;
				GCC_C_LANGUAGE_STANDARD = gnu11;
				GCC_DYNAMIC_NO_PIC = NO;
				GCC_NO_COMMON_BLOCKS = YES;
				GCC_OPTIMIZATION_LEVEL = 0;
				GCC_PREPROCESSOR_DEFINITIONS = (
					"DEBUG=1",
					"$(inherited)",
				);
				GCC_WARN_64_TO_32_BIT_CONVERSION = YES;
				GCC_WARN_ABOUT_RETURN_TYPE = YES_ERROR;
				GCC_WARN_UNDECLARED_SELECTOR = YES;
				GCC_WARN_UNINITIALIZED_AUTOS = YES_AGGRESSIVE;
				GCC_WARN_UNUSED_FUNCTION = YES;
				GCC_WARN_UNUSED_VARIABLE = YES;
				IPHONEOS_DEPLOYMENT_TARGET = 14.0;
				MTL_ENABLE_DEBUG_INFO = INCLUDE_SOURCE;
				MTL_FAST_MATH = YES;
				ONLY_ACTIVE_ARCH = YES;
				SDKROOT = iphoneos;
				SWIFT_ACTIVE_COMPILATION_CONDITIONS = DEBUG;
				SWIFT_OPTIMIZATION_LEVEL = "-Onone";
			};
			name = Debug;
		};
		E2CC3D38252B42D000026CED /* Release */ = {
			isa = XCBuildConfiguration;
			buildSettings = {
				ALWAYS_SEARCH_USER_PATHS = NO;
				CLANG_ANALYZER_NONNULL = YES;
				CLANG_ANALYZER_NUMBER_OBJECT_CONVERSION = YES_AGGRESSIVE;
				CLANG_CXX_LANGUAGE_STANDARD = "gnu++14";
				CLANG_CXX_LIBRARY = "libc++";
				CLANG_ENABLE_MODULES = YES;
				CLANG_ENABLE_OBJC_ARC = YES;
				CLANG_ENABLE_OBJC_WEAK = YES;
				CLANG_WARN_BLOCK_CAPTURE_AUTORELEASING = YES;
				CLANG_WARN_BOOL_CONVERSION = YES;
				CLANG_WARN_COMMA = YES;
				CLANG_WARN_CONSTANT_CONVERSION = YES;
				CLANG_WARN_DEPRECATED_OBJC_IMPLEMENTATIONS = YES;
				CLANG_WARN_DIRECT_OBJC_ISA_USAGE = YES_ERROR;
				CLANG_WARN_DOCUMENTATION_COMMENTS = YES;
				CLANG_WARN_EMPTY_BODY = YES;
				CLANG_WARN_ENUM_CONVERSION = YES;
				CLANG_WARN_INFINITE_RECURSION = YES;
				CLANG_WARN_INT_CONVERSION = YES;
				CLANG_WARN_NON_LITERAL_NULL_CONVERSION = YES;
				CLANG_WARN_OBJC_IMPLICIT_RETAIN_SELF = YES;
				CLANG_WARN_OBJC_LITERAL_CONVERSION = YES;
				CLANG_WARN_OBJC_ROOT_CLASS = YES_ERROR;
				CLANG_WARN_QUOTED_INCLUDE_IN_FRAMEWORK_HEADER = YES;
				CLANG_WARN_RANGE_LOOP_ANALYSIS = YES;
				CLANG_WARN_STRICT_PROTOTYPES = YES;
				CLANG_WARN_SUSPICIOUS_MOVE = YES;
				CLANG_WARN_UNGUARDED_AVAILABILITY = YES_AGGRESSIVE;
				CLANG_WARN_UNREACHABLE_CODE = YES;
				CLANG_WARN__DUPLICATE_METHOD_MATCH = YES;
				COPY_PHASE_STRIP = NO;
				DEBUG_INFORMATION_FORMAT = "dwarf-with-dsym";
				ENABLE_NS_ASSERTIONS = NO;
				ENABLE_STRICT_OBJC_MSGSEND = YES;
				GCC_C_LANGUAGE_STANDARD = gnu11;
				GCC_NO_COMMON_BLOCKS = YES;
				GCC_WARN_64_TO_32_BIT_CONVERSION = YES;
				GCC_WARN_ABOUT_RETURN_TYPE = YES_ERROR;
				GCC_WARN_UNDECLARED_SELECTOR = YES;
				GCC_WARN_UNINITIALIZED_AUTOS = YES_AGGRESSIVE;
				GCC_WARN_UNUSED_FUNCTION = YES;
				GCC_WARN_UNUSED_VARIABLE = YES;
				IPHONEOS_DEPLOYMENT_TARGET = 14.0;
				MTL_ENABLE_DEBUG_INFO = NO;
				MTL_FAST_MATH = YES;
				SDKROOT = iphoneos;
				SWIFT_COMPILATION_MODE = wholemodule;
				SWIFT_OPTIMIZATION_LEVEL = "-O";
				VALIDATE_PRODUCT = YES;
			};
			name = Release;
		};
		E2CC3D3A252B42D000026CED /* Debug */ = {
			isa = XCBuildConfiguration;
			buildSettings = {
				ASSETCATALOG_COMPILER_APPICON_NAME = AppIcon;
				ASSETCATALOG_COMPILER_GLOBAL_ACCENT_COLOR_NAME = AccentColor;
				CODE_SIGN_STYLE = Automatic;
				DEVELOPMENT_TEAM = B4GMB4889M;
				INFOPLIST_FILE = "Le Baluchon/Info.plist";
				LD_RUNPATH_SEARCH_PATHS = (
					"$(inherited)",
					"@executable_path/Frameworks",
				);
				PRODUCT_BUNDLE_IDENTIFIER = "com.fabrice.mourou.Le-Baluchon";
				PRODUCT_NAME = "$(TARGET_NAME)";
				SWIFT_VERSION = 5.0;
				TARGETED_DEVICE_FAMILY = "1,2";
			};
			name = Debug;
		};
		E2CC3D3B252B42D000026CED /* Release */ = {
			isa = XCBuildConfiguration;
			buildSettings = {
				ASSETCATALOG_COMPILER_APPICON_NAME = AppIcon;
				ASSETCATALOG_COMPILER_GLOBAL_ACCENT_COLOR_NAME = AccentColor;
				CODE_SIGN_STYLE = Automatic;
				DEVELOPMENT_TEAM = B4GMB4889M;
				INFOPLIST_FILE = "Le Baluchon/Info.plist";
				LD_RUNPATH_SEARCH_PATHS = (
					"$(inherited)",
					"@executable_path/Frameworks",
				);
				PRODUCT_BUNDLE_IDENTIFIER = "com.fabrice.mourou.Le-Baluchon";
				PRODUCT_NAME = "$(TARGET_NAME)";
				SWIFT_VERSION = 5.0;
				TARGETED_DEVICE_FAMILY = "1,2";
			};
			name = Release;
		};
		E2CC3D3D252B42D000026CED /* Debug */ = {
			isa = XCBuildConfiguration;
			buildSettings = {
				ALWAYS_EMBED_SWIFT_STANDARD_LIBRARIES = YES;
				BUNDLE_LOADER = "$(TEST_HOST)";
				CODE_SIGN_STYLE = Automatic;
				DEVELOPMENT_TEAM = B4GMB4889M;
				INFOPLIST_FILE = "Le BaluchonTests/Info.plist";
				IPHONEOS_DEPLOYMENT_TARGET = 14.0;
				LD_RUNPATH_SEARCH_PATHS = (
					"$(inherited)",
					"@executable_path/Frameworks",
					"@loader_path/Frameworks",
				);
				PRODUCT_BUNDLE_IDENTIFIER = "com.fabrice.mourou.Le-BaluchonTests";
				PRODUCT_NAME = "$(TARGET_NAME)";
				SWIFT_VERSION = 5.0;
				TARGETED_DEVICE_FAMILY = "1,2";
				TEST_HOST = "$(BUILT_PRODUCTS_DIR)/Le Baluchon.app/Le Baluchon";
			};
			name = Debug;
		};
		E2CC3D3E252B42D000026CED /* Release */ = {
			isa = XCBuildConfiguration;
			buildSettings = {
				ALWAYS_EMBED_SWIFT_STANDARD_LIBRARIES = YES;
				BUNDLE_LOADER = "$(TEST_HOST)";
				CODE_SIGN_STYLE = Automatic;
				DEVELOPMENT_TEAM = B4GMB4889M;
				INFOPLIST_FILE = "Le BaluchonTests/Info.plist";
				IPHONEOS_DEPLOYMENT_TARGET = 14.0;
				LD_RUNPATH_SEARCH_PATHS = (
					"$(inherited)",
					"@executable_path/Frameworks",
					"@loader_path/Frameworks",
				);
				PRODUCT_BUNDLE_IDENTIFIER = "com.fabrice.mourou.Le-BaluchonTests";
				PRODUCT_NAME = "$(TARGET_NAME)";
				SWIFT_VERSION = 5.0;
				TARGETED_DEVICE_FAMILY = "1,2";
				TEST_HOST = "$(BUILT_PRODUCTS_DIR)/Le Baluchon.app/Le Baluchon";
			};
			name = Release;
		};
		E2CC3D40252B42D000026CED /* Debug */ = {
			isa = XCBuildConfiguration;
			buildSettings = {
				ALWAYS_EMBED_SWIFT_STANDARD_LIBRARIES = YES;
				CODE_SIGN_STYLE = Automatic;
				DEVELOPMENT_TEAM = B4GMB4889M;
				INFOPLIST_FILE = "Le BaluchonUITests/Info.plist";
				LD_RUNPATH_SEARCH_PATHS = (
					"$(inherited)",
					"@executable_path/Frameworks",
					"@loader_path/Frameworks",
				);
				PRODUCT_BUNDLE_IDENTIFIER = "com.fabrice.mourou.Le-BaluchonUITests";
				PRODUCT_NAME = "$(TARGET_NAME)";
				SWIFT_VERSION = 5.0;
				TARGETED_DEVICE_FAMILY = "1,2";
				TEST_TARGET_NAME = "Le Baluchon";
			};
			name = Debug;
		};
		E2CC3D41252B42D000026CED /* Release */ = {
			isa = XCBuildConfiguration;
			buildSettings = {
				ALWAYS_EMBED_SWIFT_STANDARD_LIBRARIES = YES;
				CODE_SIGN_STYLE = Automatic;
				DEVELOPMENT_TEAM = B4GMB4889M;
				INFOPLIST_FILE = "Le BaluchonUITests/Info.plist";
				LD_RUNPATH_SEARCH_PATHS = (
					"$(inherited)",
					"@executable_path/Frameworks",
					"@loader_path/Frameworks",
				);
				PRODUCT_BUNDLE_IDENTIFIER = "com.fabrice.mourou.Le-BaluchonUITests";
				PRODUCT_NAME = "$(TARGET_NAME)";
				SWIFT_VERSION = 5.0;
				TARGETED_DEVICE_FAMILY = "1,2";
				TEST_TARGET_NAME = "Le Baluchon";
			};
			name = Release;
		};
/* End XCBuildConfiguration section */

/* Begin XCConfigurationList section */
		E2CC3D0A252B42CD00026CED /* Build configuration list for PBXProject "Le Baluchon" */ = {
			isa = XCConfigurationList;
			buildConfigurations = (
				E2CC3D37252B42D000026CED /* Debug */,
				E2CC3D38252B42D000026CED /* Release */,
			);
			defaultConfigurationIsVisible = 0;
			defaultConfigurationName = Release;
		};
		E2CC3D39252B42D000026CED /* Build configuration list for PBXNativeTarget "Le Baluchon" */ = {
			isa = XCConfigurationList;
			buildConfigurations = (
				E2CC3D3A252B42D000026CED /* Debug */,
				E2CC3D3B252B42D000026CED /* Release */,
			);
			defaultConfigurationIsVisible = 0;
			defaultConfigurationName = Release;
		};
		E2CC3D3C252B42D000026CED /* Build configuration list for PBXNativeTarget "Le BaluchonTests" */ = {
			isa = XCConfigurationList;
			buildConfigurations = (
				E2CC3D3D252B42D000026CED /* Debug */,
				E2CC3D3E252B42D000026CED /* Release */,
			);
			defaultConfigurationIsVisible = 0;
			defaultConfigurationName = Release;
		};
		E2CC3D3F252B42D000026CED /* Build configuration list for PBXNativeTarget "Le BaluchonUITests" */ = {
			isa = XCConfigurationList;
			buildConfigurations = (
				E2CC3D40252B42D000026CED /* Debug */,
				E2CC3D41252B42D000026CED /* Release */,
			);
			defaultConfigurationIsVisible = 0;
			defaultConfigurationName = Release;
		};
/* End XCConfigurationList section */
	};
	rootObject = E2CC3D07252B42CD00026CED /* Project object */;
}
